# THIS IS AN AUTOGENERATED FILE. DO NOT EDIT THIS FILE DIRECTLY.
# yarn lockfile v1


cdktg@^0.0.5:
  version "0.0.5"
  resolved "https://registry.yarnpkg.com/cdktg/-/cdktg-0.0.5.tgz#86e22392239d04d329b99f1524f0524b88ccf4e1"
  integrity sha512-ZI0cUNhP6+Qz0Wlx9DX66q9kZmobiSqktH75HvpxIVzaPdI/FYh1u0NeZcdSWS4GBx+7ZG4ApIkScIxnPz3yHg==
  dependencies:
    uuid "^8.3.2"
    yaml "^2.1.1"

uuid@^8.3.2:
  version "8.3.2"
  resolved "https://registry.yarnpkg.com/uuid/-/uuid-8.3.2.tgz#80d5b5ced271bb9af6c445f21a1a04c606cefbe2"
  integrity sha512-+NYs2QeMWy+GWFOEm9xnn6HCDp0l7QBD7ml8zLUmJ+93Q5NF0NocErnwkTkXVFNiX3/fpC6afS8Dhb/gz7R7eg==

yaml@^2.1.1:
  version "2.1.1"
  resolved "https://registry.yarnpkg.com/yaml/-/yaml-2.1.1.tgz#1e06fb4ca46e60d9da07e4f786ea370ed3c3cfec"
  integrity sha512-o96x3OPo8GjWeSLF+wOAbrPfhFOGY0W00GNaxCDv+9hkcDJEnev1yh8S7pgHF0ik6zc8sQLuL8hjHjJULZp8bw==
